// !$*UTF8*$!
{
	archiveVersion = 1;
	classes = {
	};
	objectVersion = 46;
	objects = {

/* Begin PBXBuildFile section */
		6FD44EF21985B859005430C3 /* Foundation.framework in Frameworks */ = {isa = PBXBuildFile; fileRef = 6FD44EF11985B859005430C3 /* Foundation.framework */; };
		6FD44EF41985B859005430C3 /* CoreGraphics.framework in Frameworks */ = {isa = PBXBuildFile; fileRef = 6FD44EF31985B859005430C3 /* CoreGraphics.framework */; };
		6FD44EF61985B859005430C3 /* UIKit.framework in Frameworks */ = {isa = PBXBuildFile; fileRef = 6FD44EF51985B859005430C3 /* UIKit.framework */; };
		6FD44EFC1985B859005430C3 /* InfoPlist.strings in Resources */ = {isa = PBXBuildFile; fileRef = 6FD44EFA1985B859005430C3 /* InfoPlist.strings */; };
		6FD44EFE1985B859005430C3 /* main.m in Sources */ = {isa = PBXBuildFile; fileRef = 6FD44EFD1985B859005430C3 /* main.m */; };
		6FD44F021985B859005430C3 /* DAYAppDelegate.m in Sources */ = {isa = PBXBuildFile; fileRef = 6FD44F011985B859005430C3 /* DAYAppDelegate.m */; };
		6FD44F051985B859005430C3 /* Main.storyboard in Resources */ = {isa = PBXBuildFile; fileRef = 6FD44F031985B859005430C3 /* Main.storyboard */; };
		6FD44F081985B859005430C3 /* DAYViewController.m in Sources */ = {isa = PBXBuildFile; fileRef = 6FD44F071985B859005430C3 /* DAYViewController.m */; };
		6FD44F0A1985B859005430C3 /* Images.xcassets in Resources */ = {isa = PBXBuildFile; fileRef = 6FD44F091985B859005430C3 /* Images.xcassets */; };
		6FD44F111985B859005430C3 /* XCTest.framework in Frameworks */ = {isa = PBXBuildFile; fileRef = 6FD44F101985B859005430C3 /* XCTest.framework */; };
		6FD44F121985B859005430C3 /* Foundation.framework in Frameworks */ = {isa = PBXBuildFile; fileRef = 6FD44EF11985B859005430C3 /* Foundation.framework */; };
		6FD44F131985B859005430C3 /* UIKit.framework in Frameworks */ = {isa = PBXBuildFile; fileRef = 6FD44EF51985B859005430C3 /* UIKit.framework */; };
		6FD44F1B1985B859005430C3 /* InfoPlist.strings in Resources */ = {isa = PBXBuildFile; fileRef = 6FD44F191985B859005430C3 /* InfoPlist.strings */; };
		6FD44F1D1985B859005430C3 /* Git_TestTests.m in Sources */ = {isa = PBXBuildFile; fileRef = 6FD44F1C1985B859005430C3 /* Git_TestTests.m */; };
/* End PBXBuildFile section */

/* Begin PBXContainerItemProxy section */
		6FD44F141985B859005430C3 /* PBXContainerItemProxy */ = {
			isa = PBXContainerItemProxy;
			containerPortal = 6FD44EE61985B859005430C3 /* Project object */;
			proxyType = 1;
			remoteGlobalIDString = 6FD44EED1985B859005430C3;
			remoteInfo = "Git Test";
		};
/* End PBXContainerItemProxy section */

/* Begin PBXFileReference section */
		6FD44EEE1985B859005430C3 /* Git Test.app */ = {isa = PBXFileReference; explicitFileType = wrapper.application; includeInIndex = 0; path = "Git Test.app"; sourceTree = BUILT_PRODUCTS_DIR; };
		6FD44EF11985B859005430C3 /* Foundation.framework */ = {isa = PBXFileReference; lastKnownFileType = wrapper.framework; name = Foundation.framework; path = System/Library/Frameworks/Foundation.framework; sourceTree = SDKROOT; };
		6FD44EF31985B859005430C3 /* CoreGraphics.framework */ = {isa = PBXFileReference; lastKnownFileType = wrapper.framework; name = CoreGraphics.framework; path = System/Library/Frameworks/CoreGraphics.framework; sourceTree = SDKROOT; };
		6FD44EF51985B859005430C3 /* UIKit.framework */ = {isa = PBXFileReference; lastKnownFileType = wrapper.framework; name = UIKit.framework; path = System/Library/Frameworks/UIKit.framework; sourceTree = SDKROOT; };
		6FD44EF91985B859005430C3 /* Git Test-Info.plist */ = {isa = PBXFileReference; lastKnownFileType = text.plist.xml; path = "Git Test-Info.plist"; sourceTree = "<group>"; };
		6FD44EFB1985B859005430C3 /* en */ = {isa = PBXFileReference; lastKnownFileType = text.plist.strings; name = en; path = en.lproj/InfoPlist.strings; sourceTree = "<group>"; };
		6FD44EFD1985B859005430C3 /* main.m */ = {isa = PBXFileReference; lastKnownFileType = sourcecode.c.objc; path = main.m; sourceTree = "<group>"; };
		6FD44EFF1985B859005430C3 /* Git Test-Prefix.pch */ = {isa = PBXFileReference; lastKnownFileType = sourcecode.c.h; path = "Git Test-Prefix.pch"; sourceTree = "<group>"; };
		6FD44F001985B859005430C3 /* DAYAppDelegate.h */ = {isa = PBXFileReference; lastKnownFileType = sourcecode.c.h; path = DAYAppDelegate.h; sourceTree = "<group>"; };
		6FD44F011985B859005430C3 /* DAYAppDelegate.m */ = {isa = PBXFileReference; lastKnownFileType = sourcecode.c.objc; path = DAYAppDelegate.m; sourceTree = "<group>"; };
		6FD44F041985B859005430C3 /* Base */ = {isa = PBXFileReference; lastKnownFileType = file.storyboard; name = Base; path = Base.lproj/Main.storyboard; sourceTree = "<group>"; };
		6FD44F061985B859005430C3 /* DAYViewController.h */ = {isa = PBXFileReference; lastKnownFileType = sourcecode.c.h; path = DAYViewController.h; sourceTree = "<group>"; };
		6FD44F071985B859005430C3 /* DAYViewController.m */ = {isa = PBXFileReference; lastKnownFileType = sourcecode.c.objc; path = DAYViewController.m; sourceTree = "<group>"; };
		6FD44F091985B859005430C3 /* Images.xcassets */ = {isa = PBXFileReference; lastKnownFileType = folder.assetcatalog; path = Images.xcassets; sourceTree = "<group>"; };
		6FD44F0F1985B859005430C3 /* Git TestTests.xctest */ = {isa = PBXFileReference; explicitFileType = wrapper.cfbundle; includeInIndex = 0; path = "Git TestTests.xctest"; sourceTree = BUILT_PRODUCTS_DIR; };
		6FD44F101985B859005430C3 /* XCTest.framework */ = {isa = PBXFileReference; lastKnownFileType = wrapper.framework; name = XCTest.framework; path = Library/Frameworks/XCTest.framework; sourceTree = DEVELOPER_DIR; };
		6FD44F181985B859005430C3 /* Git TestTests-Info.plist */ = {isa = PBXFileReference; lastKnownFileType = text.plist.xml; path = "Git TestTests-Info.plist"; sourceTree = "<group>"; };
		6FD44F1A1985B859005430C3 /* en */ = {isa = PBXFileReference; lastKnownFileType = text.plist.strings; name = en; path = en.lproj/InfoPlist.strings; sourceTree = "<group>"; };
		6FD44F1C1985B859005430C3 /* Git_TestTests.m */ = {isa = PBXFileReference; lastKnownFileType = sourcecode.c.objc; path = Git_TestTests.m; sourceTree = "<group>"; };
/* End PBXFileReference section */

/* Begin PBXFrameworksBuildPhase section */
		6FD44EEB1985B859005430C3 /* Frameworks */ = {
			isa = PBXFrameworksBuildPhase;
			buildActionMask = 2147483647;
			files = (
				6FD44EF41985B859005430C3 /* CoreGraphics.framework in Frameworks */,
				6FD44EF61985B859005430C3 /* UIKit.framework in Frameworks */,
				6FD44EF21985B859005430C3 /* Foundation.framework in Frameworks */,
			);
			runOnlyForDeploymentPostprocessing = 0;
		};
		6FD44F0C1985B859005430C3 /* Frameworks */ = {
			isa = PBXFrameworksBuildPhase;
			buildActionMask = 2147483647;
			files = (
				6FD44F111985B859005430C3 /* XCTest.framework in Frameworks */,
				6FD44F131985B859005430C3 /* UIKit.framework in Frameworks */,
				6FD44F121985B859005430C3 /* Foundation.framework in Frameworks */,
			);
			runOnlyForDeploymentPostprocessing = 0;
		};
/* End PBXFrameworksBuildPhase section */

/* Begin PBXGroup section */
		6FD44EE51985B859005430C3 = {
			isa = PBXGroup;
			children = (
				6FD44EF71985B859005430C3 /* Git Test */,
				6FD44F161985B859005430C3 /* Git TestTests */,
				6FD44EF01985B859005430C3 /* Frameworks */,
				6FD44EEF1985B859005430C3 /* Products */,
			);
			sourceTree = "<group>";
		};
		6FD44EEF1985B859005430C3 /* Products */ = {
			isa = PBXGroup;
			children = (
				6FD44EEE1985B859005430C3 /* Git Test.app */,
				6FD44F0F1985B859005430C3 /* Git TestTests.xctest */,
			);
			name = Products;
			sourceTree = "<group>";
		};
		6FD44EF01985B859005430C3 /* Frameworks */ = {
			isa = PBXGroup;
			children = (
				6FD44EF11985B859005430C3 /* Foundation.framework */,
				6FD44EF31985B859005430C3 /* CoreGraphics.framework */,
				6FD44EF51985B859005430C3 /* UIKit.framework */,
				6FD44F101985B859005430C3 /* XCTest.framework */,
			);
			name = Frameworks;
			sourceTree = "<group>";
		};
		6FD44EF71985B859005430C3 /* Git Test */ = {
			isa = PBXGroup;
			children = (
				6FD44F001985B859005430C3 /* DAYAppDelegate.h */,
				6FD44F011985B859005430C3 /* DAYAppDelegate.m */,
				6FD44F031985B859005430C3 /* Main.storyboard */,
				6FD44F061985B859005430C3 /* DAYViewController.h */,
				6FD44F071985B859005430C3 /* DAYViewController.m */,
				6FD44F091985B859005430C3 /* Images.xcassets */,
				6FD44EF81985B859005430C3 /* Supporting Files */,
			);
			path = "Git Test";
			sourceTree = "<group>";
		};
		6FD44EF81985B859005430C3 /* Supporting Files */ = {
			isa = PBXGroup;
			children = (
				6FD44EF91985B859005430C3 /* Git Test-Info.plist */,
				6FD44EFA1985B859005430C3 /* InfoPlist.strings */,
				6FD44EFD1985B859005430C3 /* main.m */,
				6FD44EFF1985B859005430C3 /* Git Test-Prefix.pch */,
			);
			name = "Supporting Files";
			sourceTree = "<group>";
		};
		6FD44F161985B859005430C3 /* Git TestTests */ = {
			isa = PBXGroup;
			children = (
				6FD44F1C1985B859005430C3 /* Git_TestTests.m */,
				6FD44F171985B859005430C3 /* Supporting Files */,
			);
			path = "Git TestTests";
			sourceTree = "<group>";
		};
		6FD44F171985B859005430C3 /* Supporting Files */ = {
			isa = PBXGroup;
			children = (
				6FD44F181985B859005430C3 /* Git TestTests-Info.plist */,
				6FD44F191985B859005430C3 /* InfoPlist.strings */,
			);
			name = "Supporting Files";
			sourceTree = "<group>";
		};
/* End PBXGroup section */

/* Begin PBXNativeTarget section */
		6FD44EED1985B859005430C3 /* Git Test */ = {
			isa = PBXNativeTarget;
			buildConfigurationList = 6FD44F201985B859005430C3 /* Build configuration list for PBXNativeTarget "Git Test" */;
			buildPhases = (
				6FD44EEA1985B859005430C3 /* Sources */,
				6FD44EEB1985B859005430C3 /* Frameworks */,
				6FD44EEC1985B859005430C3 /* Resources */,
			);
			buildRules = (
			);
			dependencies = (
			);
			name = "Git Test";
			productName = "Git Test";
			productReference = 6FD44EEE1985B859005430C3 /* Git Test.app */;
			productType = "com.apple.product-type.application";
		};
		6FD44F0E1985B859005430C3 /* Git TestTests */ = {
			isa = PBXNativeTarget;
			buildConfigurationList = 6FD44F231985B859005430C3 /* Build configuration list for PBXNativeTarget "Git TestTests" */;
			buildPhases = (
				6FD44F0B1985B859005430C3 /* Sources */,
				6FD44F0C1985B859005430C3 /* Frameworks */,
				6FD44F0D1985B859005430C3 /* Resources */,
			);
			buildRules = (
			);
			dependencies = (
				6FD44F151985B859005430C3 /* PBXTargetDependency */,
			);
			name = "Git TestTests";
			productName = "Git TestTests";
			productReference = 6FD44F0F1985B859005430C3 /* Git TestTests.xctest */;
			productType = "com.apple.product-type.bundle.unit-test";
		};
/* End PBXNativeTarget section */

/* Begin PBXProject section */
		6FD44EE61985B859005430C3 /* Project object */ = {
			isa = PBXProject;
			attributes = {
				CLASSPREFIX = DAY;
				LastUpgradeCheck = 0510;
				ORGANIZATIONNAME = "___FULLUSERNAME___";
				TargetAttributes = {
					6FD44F0E1985B859005430C3 = {
						TestTargetID = 6FD44EED1985B859005430C3;
					};
				};
			};
			buildConfigurationList = 6FD44EE91985B859005430C3 /* Build configuration list for PBXProject "Git Test" */;
			compatibilityVersion = "Xcode 3.2";
			developmentRegion = English;
			hasScannedForEncodings = 0;
			knownRegions = (
				en,
				Base,
			);
			mainGroup = 6FD44EE51985B859005430C3;
			productRefGroup = 6FD44EEF1985B859005430C3 /* Products */;
			projectDirPath = "";
			projectRoot = "";
			targets = (
				6FD44EED1985B859005430C3 /* Git Test */,
				6FD44F0E1985B859005430C3 /* Git TestTests */,
			);
		};
/* End PBXProject section */

/* Begin PBXResourcesBuildPhase section */
		6FD44EEC1985B859005430C3 /* Resources */ = {
			isa = PBXResourcesBuildPhase;
			buildActionMask = 2147483647;
			files = (
				6FD44F0A1985B859005430C3 /* Images.xcassets in Resources */,
				6FD44EFC1985B859005430C3 /* InfoPlist.strings in Resources */,
				6FD44F051985B859005430C3 /* Main.storyboard in Resources */,
			);
			runOnlyForDeploymentPostprocessing = 0;
		};
		6FD44F0D1985B859005430C3 /* Resources */ = {
			isa = PBXResourcesBuildPhase;
			buildActionMask = 2147483647;
			files = (
				6FD44F1B1985B859005430C3 /* InfoPlist.strings in Resources */,
			);
			runOnlyForDeploymentPostprocessing = 0;
		};
/* End PBXResourcesBuildPhase section */

/* Begin PBXSourcesBuildPhase section */
		6FD44EEA1985B859005430C3 /* Sources */ = {
			isa = PBXSourcesBuildPhase;
			buildActionMask = 2147483647;
			files = (
				6FD44EFE1985B859005430C3 /* main.m in Sources */,
				6FD44F021985B859005430C3 /* DAYAppDelegate.m in Sources */,
				6FD44F081985B859005430C3 /* DAYViewController.m in Sources */,
			);
			runOnlyForDeploymentPostprocessing = 0;
		};
		6FD44F0B1985B859005430C3 /* Sources */ = {
			isa = PBXSourcesBuildPhase;
			buildActionMask = 2147483647;
			files = (
				6FD44F1D1985B859005430C3 /* Git_TestTests.m in Sources */,
			);
			runOnlyForDeploymentPostprocessing = 0;
		};
/* End PBXSourcesBuildPhase section */

/* Begin PBXTargetDependency section */
		6FD44F151985B859005430C3 /* PBXTargetDependency */ = {
			isa = PBXTargetDependency;
			target = 6FD44EED1985B859005430C3 /* Git Test */;
			targetProxy = 6FD44F141985B859005430C3 /* PBXContainerItemProxy */;
		};
/* End PBXTargetDependency section */

/* Begin PBXVariantGroup section */
		6FD44EFA1985B859005430C3 /* InfoPlist.strings */ = {
			isa = PBXVariantGroup;
			children = (
				6FD44EFB1985B859005430C3 /* en */,
			);
			name = InfoPlist.strings;
			sourceTree = "<group>";
		};
		6FD44F031985B859005430C3 /* Main.storyboard */ = {
			isa = PBXVariantGroup;
			children = (
				6FD44F041985B859005430C3 /* Base */,
			);
			name = Main.storyboard;
			sourceTree = "<group>";
		};
		6FD44F191985B859005430C3 /* InfoPlist.strings */ = {
			isa = PBXVariantGroup;
			children = (
				6FD44F1A1985B859005430C3 /* en */,
			);
			name = InfoPlist.strings;
			sourceTree = "<group>";
		};
/* End PBXVariantGroup section */

/* Begin XCBuildConfiguration section */
		6FD44F1E1985B859005430C3 /* Debug */ = {
			isa = XCBuildConfiguration;
			buildSettings = {
				ALWAYS_SEARCH_USER_PATHS = NO;
				CLANG_CXX_LANGUAGE_STANDARD = "gnu++0x";
				CLANG_CXX_LIBRARY = "libc++";
				CLANG_ENABLE_MODULES = YES;
				CLANG_ENABLE_OBJC_ARC = YES;
				CLANG_WARN_BOOL_CONVERSION = YES;
				CLANG_WARN_CONSTANT_CONVERSION = YES;
				CLANG_WARN_DIRECT_OBJC_ISA_USAGE = YES_ERROR;
				CLANG_WARN_EMPTY_BODY = YES;
				CLANG_WARN_ENUM_CONVERSION = YES;
				CLANG_WARN_INT_CONVERSION = YES;
				CLANG_WARN_OBJC_ROOT_CLASS = YES_ERROR;
				CLANG_WARN__DUPLICATE_METHOD_MATCH = YES;
				"CODE_SIGN_IDENTITY[sdk=iphoneos*]" = "iPhone Developer";
				COPY_PHASE_STRIP = NO;
				GCC_C_LANGUAGE_STANDARD = gnu99;
				GCC_DYNAMIC_NO_PIC = NO;
				GCC_OPTIMIZATION_LEVEL = 0;
				GCC_PREPROCESSOR_DEFINITIONS = (
					"DEBUG=1",
					"$(inherited)",
				);
				GCC_SYMBOLS_PRIVATE_EXTERN = NO;
				GCC_WARN_64_TO_32_BIT_CONVERSION = YES;
				GCC_WARN_ABOUT_RETURN_TYPE = YES_ERROR;
				GCC_WARN_UNDECLARED_SELECTOR = YES;
				GCC_WARN_UNINITIALIZED_AUTOS = YES_AGGRESSIVE;
				GCC_WARN_UNUSED_FUNCTION = YES;
				GCC_WARN_UNUSED_VARIABLE = YES;
				IPHONEOS_DEPLOYMENT_TARGET = 7.1;
				ONLY_ACTIVE_ARCH = YES;
				SDKROOT = iphoneos;
			};
			name = Debug;
		};
		6FD44F1F1985B859005430C3 /* Release */ = {
			isa = XCBuildConfiguration;
			buildSettings = {
				ALWAYS_SEARCH_USER_PATHS = NO;
				CLANG_CXX_LANGUAGE_STANDARD = "gnu++0x";
				CLANG_CXX_LIBRARY = "libc++";
				CLANG_ENABLE_MODULES = YES;
				CLANG_ENABLE_OBJC_ARC = YES;
				CLANG_WARN_BOOL_CONVERSION = YES;
				CLANG_WARN_CONSTANT_CONVERSION = YES;
				CLANG_WARN_DIRECT_OBJC_ISA_USAGE = YES_ERROR;
				CLANG_WARN_EMPTY_BODY = YES;
				CLANG_WARN_ENUM_CONVERSION = YES;
				CLANG_WARN_INT_CONVERSION = YES;
				CLANG_WARN_OBJC_ROOT_CLASS = YES_ERROR;
				CLANG_WARN__DUPLICATE_METHOD_MATCH = YES;
				"CODE_SIGN_IDENTITY[sdk=iphoneos*]" = "iPhone Developer";
				COPY_PHASE_STRIP = YES;
				ENABLE_NS_ASSERTIONS = NO;
				GCC_C_LANGUAGE_STANDARD = gnu99;
				GCC_WARN_64_TO_32_BIT_CONVERSION = YES;
				GCC_WARN_ABOUT_RETURN_TYPE = YES_ERROR;
				GCC_WARN_UNDECLARED_SELECTOR = YES;
				GCC_WARN_UNINITIALIZED_AUTOS = YES_AGGRESSIVE;
				GCC_WARN_UNUSED_FUNCTION = YES;
				GCC_WARN_UNUSED_VARIABLE = YES;
				IPHONEOS_DEPLOYMENT_TARGET = 7.1;
				SDKROOT = iphoneos;
				VALIDATE_PRODUCT = YES;
			};
			name = Release;
		};
		6FD44F211985B859005430C3 /* Debug */ = {
			isa = XCBuildConfiguration;
			buildSettings = {
				ASSETCATALOG_COMPILER_APPICON_NAME = AppIcon;
				ASSETCATALOG_COMPILER_LAUNCHIMAGE_NAME = LaunchImage;
				GCC_PRECOMPILE_PREFIX_HEADER = YES;
				GCC_PREFIX_HEADER = "Git Test/Git Test-Prefix.pch";
				INFOPLIST_FILE = "Git Test/Git Test-Info.plist";
				PRODUCT_NAME = "$(TARGET_NAME)";
				WRAPPER_EXTENSION = app;
			};
			name = Debug;
		};
		6FD44F221985B859005430C3 /* Release */ = {
			isa = XCBuildConfiguration;
			buildSettings = {
				ASSETCATALOG_COMPILER_APPICON_NAME = AppIcon;
				ASSETCATALOG_COMPILER_LAUNCHIMAGE_NAME = LaunchImage;
				GCC_PRECOMPILE_PREFIX_HEADER = YES;
				GCC_PREFIX_HEADER = "Git Test/Git Test-Prefix.pch";
				INFOPLIST_FILE = "Git Test/Git Test-Info.plist";
				PRODUCT_NAME = "$(TARGET_NAME)";
				WRAPPER_EXTENSION = app;
			};
			name = Release;
		};
		6FD44F241985B859005430C3 /* Debug */ = {
			isa = XCBuildConfiguration;
			buildSettings = {
				BUNDLE_LOADER = "$(BUILT_PRODUCTS_DIR)/Git Test.app/Git Test";
				FRAMEWORK_SEARCH_PATHS = (
					"$(SDKROOT)/Developer/Library/Frameworks",
					"$(inherited)",
					"$(DEVELOPER_FRAMEWORKS_DIR)",
				);
				GCC_PRECOMPILE_PREFIX_HEADER = YES;
				GCC_PREFIX_HEADER = "Git Test/Git Test-Prefix.pch";
				GCC_PREPROCESSOR_DEFINITIONS = (
					"DEBUG=1",
					"$(inherited)",
				);
				INFOPLIST_FILE = "Git TestTests/Git TestTests-Info.plist";
				PRODUCT_NAME = "$(TARGET_NAME)";
				TEST_HOST = "$(BUNDLE_LOADER)";
				WRAPPER_EXTENSION = xctest;
			};
			name = Debug;
		};
		6FD44F251985B859005430C3 /* Release */ = {
			isa = XCBuildConfiguration;
			buildSettings = {
				BUNDLE_LOADER = "$(BUILT_PRODUCTS_DIR)/Git Test.app/Git Test";
				FRAMEWORK_SEARCH_PATHS = (
					"$(SDKROOT)/Developer/Library/Frameworks",
					"$(inherited)",
					"$(DEVELOPER_FRAMEWORKS_DIR)",
				);
				GCC_PRECOMPILE_PREFIX_HEADER = YES;
				GCC_PREFIX_HEADER = "Git Test/Git Test-Prefix.pch";
				INFOPLIST_FILE = "Git TestTests/Git TestTests-Info.plist";
				PRODUCT_NAME = "$(TARGET_NAME)";
				TEST_HOST = "$(BUNDLE_LOADER)";
				WRAPPER_EXTENSION = xctest;
			};
			name = Release;
		};
/* End XCBuildConfiguration section */

/* Begin XCConfigurationList section */
		6FD44EE91985B859005430C3 /* Build configuration list for PBXProject "Git Test" */ = {
			isa = XCConfigurationList;
			buildConfigurations = (
				6FD44F1E1985B859005430C3 /* Debug */,
				6FD44F1F1985B859005430C3 /* Release */,
			);
			defaultConfigurationIsVisible = 0;
			defaultConfigurationName = Release;
		};
		6FD44F201985B859005430C3 /* Build configuration list for PBXNativeTarget "Git Test" */ = {
			isa = XCConfigurationList;
			buildConfigurations = (
				6FD44F211985B859005430C3 /* Debug */,
				6FD44F221985B859005430C3 /* Release */,
			);
			defaultConfigurationIsVisible = 0;
		};
		6FD44F231985B859005430C3 /* Build configuration list for PBXNativeTarget "Git TestTests" */ = {
			isa = XCConfigurationList;
			buildConfigurations = (
				6FD44F241985B859005430C3 /* Debug */,
				6FD44F251985B859005430C3 /* Release */,
			);
			defaultConfigurationIsVisible = 0;
		};
/* End XCConfigurationList section */
	};
	rootObject = 6FD44EE61985B859005430C3 /* Project object */;
}
